
Microsoft Visual Studio Solution File, Format Version 12.00
# Visual Studio Version 17
VisualStudioVersion = 17.10.35027.167
MinimumVisualStudioVersion = 10.0.40219.1
Project("{803FD0C6-D64E-4E16-9DC3-1DAEC859A3D2}") = "EmbeddedProject24", "EmbeddedProject24.vgdbproj", "{A0C5DB6A-8234-4531-A0B9-069F6B580135}"
EndProject
Global
	GlobalSection(SolutionConfigurationPlatforms) = preSolution
		Debug|VisualGDB = Debug|VisualGDB
		Release|VisualGDB = Release|VisualGDB
		Tests (Debug)|VisualGDB = Tests (Debug)|VisualGDB
		Tests (Release)|VisualGDB = Tests (Release)|VisualGDB
	EndGlobalSection
	GlobalSection(ProjectConfigurationPlatforms) = postSolution
		{A0C5DB6A-8234-4531-A0B9-069F6B580135}.Debug|VisualGDB.ActiveCfg = Debug|VisualGDB
		{A0C5DB6A-8234-4531-A0B9-069F6B580135}.Debug|VisualGDB.Build.0 = Debug|VisualGDB
		{A0C5DB6A-8234-4531-A0B9-069F6B580135}.Release|VisualGDB.ActiveCfg = Release|VisualGDB
		{A0C5DB6A-8234-4531-A0B9-069F6B580135}.Release|VisualGDB.Build.0 = Release|VisualGDB
		{A0C5DB6A-8234-4531-A0B9-069F6B580135}.Tests (Debug)|VisualGDB.ActiveCfg = Tests (Debug)|VisualGDB
		{A0C5DB6A-8234-4531-A0B9-069F6B580135}.Tests (Debug)|VisualGDB.Build.0 = Tests (Debug)|VisualGDB
		{A0C5DB6A-8234-4531-A0B9-069F6B580135}.Tests (Release)|VisualGDB.ActiveCfg = Tests (Release)|VisualGDB
		{A0C5DB6A-8234-4531-A0B9-069F6B580135}.Tests (Release)|VisualGDB.Build.0 = Tests (Release)|VisualGDB
	EndGlobalSection
	GlobalSection(SolutionProperties) = preSolution
		HideSolutionNode = FALSE
	EndGlobalSection
	GlobalSection(ExtensibilityGlobals) = postSolution
		SolutionGuid = {7C5EB7F0-0331-40DF-8224-C496F288E8A2}
	EndGlobalSection
EndGlobal
