
Microsoft Visual Studio Solution File, Format Version 12.00
# Visual Studio Version 17
VisualStudioVersion = 17.14.36408.4
MinimumVisualStudioVersion = 10.0.40219.1
Project("{803FD0C6-D64E-4E16-9DC3-1DAEC859A3D2}") = "wolfssl_server_ESP8266", "wolfssl_server_ESP8266.vgdbproj", "{C9687472-A434-43A7-9026-7914F425B9B4}"
EndProject
Project("{2150E333-8FDC-42A3-9474-1A3956D46DE8}") = "wolfssl", "wolfssl", "{02EA681E-C7D8-13C7-8484-4AC65E1B71E8}"
	ProjectSection(SolutionItems) = preProject
		..\..\..\..\..\wolfssl\wolfcrypt\error-crypt.h = ..\..\..\..\..\wolfssl\wolfcrypt\error-crypt.h
		..\..\..\..\..\wolfssl\error-ssl.h = ..\..\..\..\..\wolfssl\error-ssl.h
	EndProjectSection
EndProject
Global
	GlobalSection(SolutionConfigurationPlatforms) = preSolution
		Debug|VisualGDB = Debug|VisualGDB
		Release|VisualGDB = Release|VisualGDB
	EndGlobalSection
	GlobalSection(ProjectConfigurationPlatforms) = postSolution
		{C9687472-A434-43A7-9026-7914F425B9B4}.Debug|VisualGDB.ActiveCfg = Debug|VisualGDB
		{C9687472-A434-43A7-9026-7914F425B9B4}.Debug|VisualGDB.Build.0 = Debug|VisualGDB
		{C9687472-A434-43A7-9026-7914F425B9B4}.Release|VisualGDB.ActiveCfg = Release|VisualGDB
		{C9687472-A434-43A7-9026-7914F425B9B4}.Release|VisualGDB.Build.0 = Release|VisualGDB
	EndGlobalSection
	GlobalSection(SolutionProperties) = preSolution
		HideSolutionNode = FALSE
	EndGlobalSection
	GlobalSection(ExtensibilityGlobals) = postSolution
		SolutionGuid = {46B76BC3-4190-448C-9D37-333ADD5CEA22}
	EndGlobalSection
EndGlobal
