
Microsoft Visual Studio Solution File, Format Version 12.00
# Visual Studio Version 17
VisualStudioVersion = 17.6.33815.320
MinimumVisualStudioVersion = 10.0.40219.1
Project("{803FD0C6-D64E-4E16-9DC3-1DAEC859A3D2}") = "wolfssl_server _IDF_v5_ESP32", "wolfssl_server _IDF_v5_ESP32.vgdbproj", "{CD5A90CA-2D40-461A-A0C3-27654371BB00}"
EndProject
Project("{2150E333-8FDC-42A3-9474-1A3956D46DE8}") = "Solution Items", "Solution Items", "{BB8B8879-ED7D-4466-BCAD-725F49E79C18}"
	ProjectSection(SolutionItems) = preProject
		..\..\..\..\..\..\wolfssl\error-ssl.h = ..\..\..\..\..\..\wolfssl\error-ssl.h
		..\..\..\..\include.am = ..\..\..\..\include.am
		..\..\..\..\..\..\..\my_private_config.h = ..\..\..\..\..\..\..\my_private_config.h
		..\README.md = ..\README.md
		..\README_server_sm.md = ..\README_server_sm.md
		..\build\VisualGDB\Debug\config\sdkconfig.h = ..\build\VisualGDB\Debug\config\sdkconfig.h
		..\success_example.txt = ..\success_example.txt
	EndProjectSection
EndProject
Project("{2150E333-8FDC-42A3-9474-1A3956D46DE8}") = "wolfssl", "wolfssl", "{CF6D5348-2BDF-4133-AD1F-4F05FA91E53F}"
	ProjectSection(SolutionItems) = preProject
		..\..\..\..\..\..\wolfssl\wolfcrypt\port\Espressif\esp32-crypt.h = ..\..\..\..\..\..\wolfssl\wolfcrypt\port\Espressif\esp32-crypt.h
		..\..\..\..\..\..\wolfcrypt\src\port\Espressif\esp32_aes.c = ..\..\..\..\..\..\wolfcrypt\src\port\Espressif\esp32_aes.c
		..\..\..\..\..\..\wolfcrypt\src\port\Espressif\esp32_mp.c = ..\..\..\..\..\..\wolfcrypt\src\port\Espressif\esp32_mp.c
		..\..\..\..\..\..\wolfcrypt\src\port\Espressif\esp32_sha.c = ..\..\..\..\..\..\wolfcrypt\src\port\Espressif\esp32_sha.c
		..\..\..\..\..\..\wolfcrypt\src\port\Espressif\esp32_util.c = ..\..\..\..\..\..\wolfcrypt\src\port\Espressif\esp32_util.c
		..\..\..\..\..\..\wolfcrypt\src\port\Espressif\README.md = ..\..\..\..\..\..\wolfcrypt\src\port\Espressif\README.md
	EndProjectSection
EndProject
Project("{2150E333-8FDC-42A3-9474-1A3956D46DE8}") = "include", "include", "{FE523A21-D718-4E24-8453-2C3AD07A28C1}"
	ProjectSection(SolutionItems) = preProject
		..\components\wolfssl\include\config.h = ..\components\wolfssl\include\config.h
		..\..\..\..\..\..\wolfssl\wolfcrypt\settings.h = ..\..\..\..\..\..\wolfssl\wolfcrypt\settings.h
		..\components\wolfssl\include\user_settings.h = ..\components\wolfssl\include\user_settings.h
	EndProjectSection
EndProject
Global
	GlobalSection(SolutionConfigurationPlatforms) = preSolution
		Debug|VisualGDB = Debug|VisualGDB
		Release|VisualGDB = Release|VisualGDB
		Tests (Debug)|VisualGDB = Tests (Debug)|VisualGDB
		Tests (Release)|VisualGDB = Tests (Release)|VisualGDB
	EndGlobalSection
	GlobalSection(ProjectConfigurationPlatforms) = postSolution
		{CD5A90CA-2D40-461A-A0C3-27654371BB00}.Debug|VisualGDB.ActiveCfg = Debug|VisualGDB
		{CD5A90CA-2D40-461A-A0C3-27654371BB00}.Debug|VisualGDB.Build.0 = Debug|VisualGDB
		{CD5A90CA-2D40-461A-A0C3-27654371BB00}.Release|VisualGDB.ActiveCfg = Release|VisualGDB
		{CD5A90CA-2D40-461A-A0C3-27654371BB00}.Release|VisualGDB.Build.0 = Release|VisualGDB
		{CD5A90CA-2D40-461A-A0C3-27654371BB00}.Tests (Debug)|VisualGDB.ActiveCfg = Tests (Debug)|VisualGDB
		{CD5A90CA-2D40-461A-A0C3-27654371BB00}.Tests (Debug)|VisualGDB.Build.0 = Tests (Debug)|VisualGDB
		{CD5A90CA-2D40-461A-A0C3-27654371BB00}.Tests (Release)|VisualGDB.ActiveCfg = Tests (Release)|VisualGDB
		{CD5A90CA-2D40-461A-A0C3-27654371BB00}.Tests (Release)|VisualGDB.Build.0 = Tests (Release)|VisualGDB
	EndGlobalSection
	GlobalSection(SolutionProperties) = preSolution
		HideSolutionNode = FALSE
	EndGlobalSection
	GlobalSection(NestedProjects) = preSolution
		{CF6D5348-2BDF-4133-AD1F-4F05FA91E53F} = {BB8B8879-ED7D-4466-BCAD-725F49E79C18}
		{FE523A21-D718-4E24-8453-2C3AD07A28C1} = {CF6D5348-2BDF-4133-AD1F-4F05FA91E53F}
	EndGlobalSection
	GlobalSection(ExtensibilityGlobals) = postSolution
		SolutionGuid = {DCCF784E-4E96-4D4D-885C-49D3C6626EAC}
	EndGlobalSection
EndGlobal
