
Microsoft Visual Studio Solution File, Format Version 12.00
# Visual Studio Version 17
VisualStudioVersion = 17.10.34916.146
MinimumVisualStudioVersion = 10.0.40219.1
Project("{803FD0C6-D64E-4E16-9DC3-1DAEC859A3D2}") = "wolfssl_IDF_v5.4_ESP32", "wolfssl_IDF_v5.4_ESP32.vgdbproj", "{EADCC9AB-72B3-4B51-A838-593E5D80DDF7}"
EndProject
Project("{2150E333-8FDC-42A3-9474-1A3956D46DE8}") = "wolfssl", "wolfssl", "{20593F9F-9913-4F8F-8689-EF029E5A463B}"
	ProjectSection(SolutionItems) = preProject
		..\..\..\..\..\..\..\..\SysGCC\esp32-master\esp-idf\v5.4-master\components\wolfssl\CMakeLists.txt = ..\..\..\..\..\..\..\..\SysGCC\esp32-master\esp-idf\v5.4-master\components\wolfssl\CMakeLists.txt
		..\..\..\..\..\..\..\..\SysGCC\esp32-master\esp-idf\v5.4-master\components\wolfssl\Kconfig = ..\..\..\..\..\..\..\..\SysGCC\esp32-master\esp-idf\v5.4-master\components\wolfssl\Kconfig
		..\..\..\..\..\..\..\..\SysGCC\esp32-master\esp-idf\v5.4-master\components\wolfssl\README.md = ..\..\..\..\..\..\..\..\SysGCC\esp32-master\esp-idf\v5.4-master\components\wolfssl\README.md
		..\..\..\..\..\..\..\..\SysGCC\esp32-master\esp-idf\v5.4-master\components\wolfssl\include\user_settings.h = ..\..\..\..\..\..\..\..\SysGCC\esp32-master\esp-idf\v5.4-master\components\wolfssl\include\user_settings.h
	EndProjectSection
EndProject
Project("{2150E333-8FDC-42A3-9474-1A3956D46DE8}") = "esp-tls", "esp-tls", "{1FFC4F29-F5F7-4B91-9CB5-9D46A6C3E313}"
	ProjectSection(SolutionItems) = preProject
		..\..\..\..\..\..\..\..\SysGCC\esp32-master\esp-idf\v5.4-master\components\esp-tls\CMakeLists.txt = ..\..\..\..\..\..\..\..\SysGCC\esp32-master\esp-idf\v5.4-master\components\esp-tls\CMakeLists.txt
		..\..\..\..\..\..\..\..\SysGCC\esp32-master\esp-idf\v5.4-master\components\esp-tls\esp_tls.c = ..\..\..\..\..\..\..\..\SysGCC\esp32-master\esp-idf\v5.4-master\components\esp-tls\esp_tls.c
		..\..\..\..\..\..\..\..\SysGCC\esp32-master\esp-idf\v5.4-master\components\esp-tls\esp_tls.h = ..\..\..\..\..\..\..\..\SysGCC\esp32-master\esp-idf\v5.4-master\components\esp-tls\esp_tls.h
		..\..\..\..\..\..\..\..\SysGCC\esp32-master\esp-idf\v5.4-master\components\esp-tls\esp_tls_errors.h = ..\..\..\..\..\..\..\..\SysGCC\esp32-master\esp-idf\v5.4-master\components\esp-tls\esp_tls_errors.h
		..\..\..\..\..\..\..\..\SysGCC\esp32-master\esp-idf\v5.4-master\components\esp-tls\esp_tls_error_capture.c = ..\..\..\..\..\..\..\..\SysGCC\esp32-master\esp-idf\v5.4-master\components\esp-tls\esp_tls_error_capture.c
		..\..\..\..\..\..\..\..\SysGCC\esp32-master\esp-idf\v5.4-master\components\esp-tls\esp_tls_mbedtls.c = ..\..\..\..\..\..\..\..\SysGCC\esp32-master\esp-idf\v5.4-master\components\esp-tls\esp_tls_mbedtls.c
		..\..\..\..\..\..\..\..\SysGCC\esp32-master\esp-idf\v5.4-master\components\esp-tls\esp_tls_platform_port.c = ..\..\..\..\..\..\..\..\SysGCC\esp32-master\esp-idf\v5.4-master\components\esp-tls\esp_tls_platform_port.c
		..\..\..\..\..\..\..\..\SysGCC\esp32-master\esp-idf\v5.4-master\components\esp-tls\esp_tls_wolfssl.c = ..\..\..\..\..\..\..\..\SysGCC\esp32-master\esp-idf\v5.4-master\components\esp-tls\esp_tls_wolfssl.c
		..\..\..\..\..\..\..\..\SysGCC\esp32-master\esp-idf\v5.4-master\components\esp-tls\Kconfig = ..\..\..\..\..\..\..\..\SysGCC\esp32-master\esp-idf\v5.4-master\components\esp-tls\Kconfig
	EndProjectSection
EndProject
Project("{2150E333-8FDC-42A3-9474-1A3956D46DE8}") = "mbedTLS", "mbedTLS", "{0207CFE6-7CAB-4F3D-8B7B-D1FFA65A3787}"
	ProjectSection(SolutionItems) = preProject
		..\..\..\..\..\..\..\..\SysGCC\esp32-master\esp-idf\v5.4-master\components\mbedtls\CMakeLists.txt = ..\..\..\..\..\..\..\..\SysGCC\esp32-master\esp-idf\v5.4-master\components\mbedtls\CMakeLists.txt
		..\..\..\..\..\..\..\..\SysGCC\esp32-master\esp-idf\v5.4-master\components\mbedtls\Kconfig = ..\..\..\..\..\..\..\..\SysGCC\esp32-master\esp-idf\v5.4-master\components\mbedtls\Kconfig
	EndProjectSection
EndProject
Global
	GlobalSection(SolutionConfigurationPlatforms) = preSolution
		Debug|VisualGDB = Debug|VisualGDB
		Release|VisualGDB = Release|VisualGDB
		Tests (Debug)|VisualGDB = Tests (Debug)|VisualGDB
		Tests (Release)|VisualGDB = Tests (Release)|VisualGDB
	EndGlobalSection
	GlobalSection(ProjectConfigurationPlatforms) = postSolution
		{EADCC9AB-72B3-4B51-A838-593E5D80DDF7}.Debug|VisualGDB.ActiveCfg = Debug|VisualGDB
		{EADCC9AB-72B3-4B51-A838-593E5D80DDF7}.Debug|VisualGDB.Build.0 = Debug|VisualGDB
		{EADCC9AB-72B3-4B51-A838-593E5D80DDF7}.Release|VisualGDB.ActiveCfg = Release|VisualGDB
		{EADCC9AB-72B3-4B51-A838-593E5D80DDF7}.Release|VisualGDB.Build.0 = Release|VisualGDB
		{EADCC9AB-72B3-4B51-A838-593E5D80DDF7}.Tests (Debug)|VisualGDB.ActiveCfg = Tests (Debug)|VisualGDB
		{EADCC9AB-72B3-4B51-A838-593E5D80DDF7}.Tests (Debug)|VisualGDB.Build.0 = Tests (Debug)|VisualGDB
		{EADCC9AB-72B3-4B51-A838-593E5D80DDF7}.Tests (Release)|VisualGDB.ActiveCfg = Tests (Release)|VisualGDB
		{EADCC9AB-72B3-4B51-A838-593E5D80DDF7}.Tests (Release)|VisualGDB.Build.0 = Tests (Release)|VisualGDB
	EndGlobalSection
	GlobalSection(SolutionProperties) = preSolution
		HideSolutionNode = FALSE
	EndGlobalSection
	GlobalSection(ExtensibilityGlobals) = postSolution
		SolutionGuid = {6151754B-2F1D-46CD-951E-2ABF2CDF5C23}
	EndGlobalSection
EndGlobal
