
Microsoft Visual Studio Solution File, Format Version 12.00
# Visual Studio Version 16
VisualStudioVersion = 16.0.32802.440
MinimumVisualStudioVersion = 10.0.40219.1
Project("{803FD0C6-D64E-4E16-9DC3-1DAEC859A3D2}") = "VisualGDB_wolfssl_benchmark", "VisualGDB_wolfssl_benchmark.vgdbproj", "{EADCC9AB-72B3-4B51-A838-593E5D80DDF7}"
EndProject
Project("{2150E333-8FDC-42A3-9474-1A3956D46DE8}") = "Solution Items", "Solution Items", "{CF8A8B6E-ECCF-481A-92AC-1E2F432816E8}"
	ProjectSection(SolutionItems) = preProject
		..\..\..\..\..\wolfcrypt\benchmark\benchmark.c = ..\..\..\..\..\wolfcrypt\benchmark\benchmark.c
		..\..\..\..\..\wolfcrypt\benchmark\benchmark.h = ..\..\..\..\..\wolfcrypt\benchmark\benchmark.h
		..\..\..\..\..\PR_message.md = ..\..\..\..\..\PR_message.md
		..\..\README.md = ..\..\README.md
		..\..\..\..\..\test_bechmark.sh = ..\..\..\..\..\test_bechmark.sh
		..\..\UPDATE.md = ..\..\UPDATE.md
		libs\user_settings_esp32.h = libs\user_settings_esp32.h
		libs\user_settings_esp32s3.h = libs\user_settings_esp32s3.h
	EndProjectSection
EndProject
Project("{2150E333-8FDC-42A3-9474-1A3956D46DE8}") = "ESP-IDF", "ESP-IDF", "{EA02E343-2D9A-49CC-8B7C-540180C4C49A}"
	ProjectSection(SolutionItems) = preProject
		..\..\..\..\..\..\..\SysGCC\esp32\esp-idf\v4.4.2\components\wolfssl\wolfcrypt\benchmark\benchmark.c = ..\..\..\..\..\..\..\SysGCC\esp32\esp-idf\v4.4.2\components\wolfssl\wolfcrypt\benchmark\benchmark.c
		..\..\..\..\..\..\..\SysGCC\esp32\esp-idf\v4.4.2\components\wolfssl\wolfcrypt\benchmark\benchmark.h = ..\..\..\..\..\..\..\SysGCC\esp32\esp-idf\v4.4.2\components\wolfssl\wolfcrypt\benchmark\benchmark.h
		..\..\..\..\..\..\..\SysGCC\esp32\esp-idf\v4.4.2\components\wolfssl\wolfssl\options.h = ..\..\..\..\..\..\..\SysGCC\esp32\esp-idf\v4.4.2\components\wolfssl\wolfssl\options.h
		..\..\..\..\..\..\..\SysGCC\esp32\esp-idf\v4.4.2\components\wolfssl\include\user_settings.h = ..\..\..\..\..\..\..\SysGCC\esp32\esp-idf\v4.4.2\components\wolfssl\include\user_settings.h
		..\..\..\..\..\..\..\SysGCC\esp32\esp-idf\v4.4.1\components\wolfssl\include\user_settings.h = ..\..\..\..\..\..\..\SysGCC\esp32\esp-idf\v4.4.1\components\wolfssl\include\user_settings.h
	EndProjectSection
EndProject
Project("{2150E333-8FDC-42A3-9474-1A3956D46DE8}") = "config_check", "config_check", "{1E9BCD2D-B2D9-46C2-976A-384362AA4156}"
	ProjectSection(SolutionItems) = preProject
		..\..\..\..\..\config_check\cmd_pq.txt = ..\..\..\..\..\config_check\cmd_pq.txt
		..\..\..\..\..\configure.ac = ..\..\..\..\..\configure.ac
		..\..\..\..\..\config_check\Disabled-Features.txt = ..\..\..\..\..\config_check\Disabled-Features.txt
		..\..\..\..\..\config_check\Enabled-Features.txt = ..\..\..\..\..\config_check\Enabled-Features.txt
		..\..\..\..\..\config_check\help.txt = ..\..\..\..\..\config_check\help.txt
		..\..\..\..\..\config_check\options.h = ..\..\..\..\..\config_check\options.h
		..\..\..\..\..\config_check\output.txt = ..\..\..\..\..\config_check\output.txt
		..\..\..\..\..\config_check\README.md = ..\..\..\..\..\config_check\README.md
		..\..\..\..\..\config_check\refresh.sh = ..\..\..\..\..\config_check\refresh.sh
	EndProjectSection
EndProject
Project("{2150E333-8FDC-42A3-9474-1A3956D46DE8}") = "oqs", "oqs", "{609AA29C-52F2-47B1-A628-6C798116881F}"
	ProjectSection(SolutionItems) = preProject
		..\..\..\..\..\..\..\SysGCC\esp32\esp-idf\v4.4.2\components\oqs\CMakeLists.txt = ..\..\..\..\..\..\..\SysGCC\esp32\esp-idf\v4.4.2\components\oqs\CMakeLists.txt
		..\..\..\..\..\..\..\SysGCC\esp32\esp-idf\v4.4.2\components\oqs\component.mk = ..\..\..\..\..\..\..\SysGCC\esp32\esp-idf\v4.4.2\components\oqs\component.mk
	EndProjectSection
EndProject
Global
	GlobalSection(SolutionConfigurationPlatforms) = preSolution
		Debug|VisualGDB = Debug|VisualGDB
		Release|VisualGDB = Release|VisualGDB
		Tests (Debug)|VisualGDB = Tests (Debug)|VisualGDB
		Tests (Release)|VisualGDB = Tests (Release)|VisualGDB
	EndGlobalSection
	GlobalSection(ProjectConfigurationPlatforms) = postSolution
		{EADCC9AB-72B3-4B51-A838-593E5D80DDF7}.Debug|VisualGDB.ActiveCfg = Debug|VisualGDB
		{EADCC9AB-72B3-4B51-A838-593E5D80DDF7}.Debug|VisualGDB.Build.0 = Debug|VisualGDB
		{EADCC9AB-72B3-4B51-A838-593E5D80DDF7}.Release|VisualGDB.ActiveCfg = Release|VisualGDB
		{EADCC9AB-72B3-4B51-A838-593E5D80DDF7}.Release|VisualGDB.Build.0 = Release|VisualGDB
		{EADCC9AB-72B3-4B51-A838-593E5D80DDF7}.Tests (Debug)|VisualGDB.ActiveCfg = Tests (Debug)|VisualGDB
		{EADCC9AB-72B3-4B51-A838-593E5D80DDF7}.Tests (Debug)|VisualGDB.Build.0 = Tests (Debug)|VisualGDB
		{EADCC9AB-72B3-4B51-A838-593E5D80DDF7}.Tests (Release)|VisualGDB.ActiveCfg = Tests (Release)|VisualGDB
		{EADCC9AB-72B3-4B51-A838-593E5D80DDF7}.Tests (Release)|VisualGDB.Build.0 = Tests (Release)|VisualGDB
	EndGlobalSection
	GlobalSection(SolutionProperties) = preSolution
		HideSolutionNode = FALSE
	EndGlobalSection
	GlobalSection(NestedProjects) = preSolution
		{EA02E343-2D9A-49CC-8B7C-540180C4C49A} = {CF8A8B6E-ECCF-481A-92AC-1E2F432816E8}
		{1E9BCD2D-B2D9-46C2-976A-384362AA4156} = {CF8A8B6E-ECCF-481A-92AC-1E2F432816E8}
		{609AA29C-52F2-47B1-A628-6C798116881F} = {CF8A8B6E-ECCF-481A-92AC-1E2F432816E8}
	EndGlobalSection
	GlobalSection(ExtensibilityGlobals) = postSolution
		SolutionGuid = {969EF1DC-F8DA-46B8-A2AC-A7FDC3234245}
	EndGlobalSection
EndGlobal
