
Microsoft Visual Studio Solution File, Format Version 12.00
# Visual Studio Version 17
VisualStudioVersion = 17.8.34330.188
MinimumVisualStudioVersion = 10.0.40219.1
Project("{803FD0C6-D64E-4E16-9DC3-1DAEC859A3D2}") = "wolfSSL_ESP8266", "wolfSSL_ESP8266.vgdbproj", "{C9687472-A434-43A7-9026-7914F425B9B4}"
EndProject
Project("{2150E333-8FDC-42A3-9474-1A3956D46DE8}") = "wolfssl", "wolfssl", "{146A058D-9C31-432D-A839-22190FAA37D5}"
	ProjectSection(SolutionItems) = preProject
		..\..\..\..\..\wolfssl\wolfcrypt\port\Espressif\esp32-crypt.h = ..\..\..\..\..\wolfssl\wolfcrypt\port\Espressif\esp32-crypt.h
		components\wolfssl\include\user_settings.h = components\wolfssl\include\user_settings.h
	EndProjectSection
EndProject
Project("{2150E333-8FDC-42A3-9474-1A3956D46DE8}") = "Solution Items", "Solution Items", "{8B08C4F6-BFE3-44AF-8D5A-239A581ED01B}"
	ProjectSection(SolutionItems) = preProject
		build\config\sdkconfig.h = build\config\sdkconfig.h
	EndProjectSection
EndProject
Global
	GlobalSection(SolutionConfigurationPlatforms) = preSolution
		Debug|VisualGDB = Debug|VisualGDB
		Release|VisualGDB = Release|VisualGDB
	EndGlobalSection
	GlobalSection(ProjectConfigurationPlatforms) = postSolution
		{C9687472-A434-43A7-9026-7914F425B9B4}.Debug|VisualGDB.ActiveCfg = Debug|VisualGDB
		{C9687472-A434-43A7-9026-7914F425B9B4}.Debug|VisualGDB.Build.0 = Debug|VisualGDB
		{C9687472-A434-43A7-9026-7914F425B9B4}.Release|VisualGDB.ActiveCfg = Release|VisualGDB
		{C9687472-A434-43A7-9026-7914F425B9B4}.Release|VisualGDB.Build.0 = Release|VisualGDB
	EndGlobalSection
	GlobalSection(SolutionProperties) = preSolution
		HideSolutionNode = FALSE
	EndGlobalSection
	GlobalSection(ExtensibilityGlobals) = postSolution
		SolutionGuid = {BB792BC5-E968-4895-9AFF-F5D984B60018}
	EndGlobalSection
EndGlobal
