
Microsoft Visual Studio Solution File, Format Version 12.00
# Visual Studio Version 17
VisualStudioVersion = 17.6.33829.357
MinimumVisualStudioVersion = 10.0.40219.1
Project("{803FD0C6-D64E-4E16-9DC3-1DAEC859A3D2}") = "wolfssl_client_IDF_v5_ESP32S3", "wolfssl_client_IDF_v5_ESP32S3.vgdbproj", "{E903E9CC-1A23-4B00-8914-7E45EC21E351}"
EndProject
Project("{2150E333-8FDC-42A3-9474-1A3956D46DE8}") = "wolfssl", "wolfssl", "{C49E8862-EE68-4A0D-84DD-6BC9B908DA68}"
	ProjectSection(SolutionItems) = preProject
		..\..\..\..\..\..\wolfssl\error-ssl.h = ..\..\..\..\..\..\wolfssl\error-ssl.h
		..\..\..\..\..\..\wolfssl\wolfcrypt\port\Espressif\esp32-crypt.h = ..\..\..\..\..\..\wolfssl\wolfcrypt\port\Espressif\esp32-crypt.h
		..\..\..\..\..\..\wolfcrypt\src\port\Espressif\esp32_aes.c = ..\..\..\..\..\..\wolfcrypt\src\port\Espressif\esp32_aes.c
		..\..\..\..\..\..\wolfcrypt\src\port\Espressif\esp32_mp.c = ..\..\..\..\..\..\wolfcrypt\src\port\Espressif\esp32_mp.c
		..\..\..\..\..\..\wolfcrypt\src\port\Espressif\esp32_sha.c = ..\..\..\..\..\..\wolfcrypt\src\port\Espressif\esp32_sha.c
		..\..\..\..\..\..\wolfcrypt\src\port\Espressif\esp32_util.c = ..\..\..\..\..\..\wolfcrypt\src\port\Espressif\esp32_util.c
	EndProjectSection
EndProject
Project("{2150E333-8FDC-42A3-9474-1A3956D46DE8}") = "include", "include", "{459313D1-6B67-4791-83C5-CA43DA511DD4}"
	ProjectSection(SolutionItems) = preProject
		..\components\wolfssl\include\user_settings.h = ..\components\wolfssl\include\user_settings.h
	EndProjectSection
EndProject
Project("{2150E333-8FDC-42A3-9474-1A3956D46DE8}") = "Solution Items", "Solution Items", "{67CDC0A0-3220-437A-BFD3-35CDED3DA00E}"
	ProjectSection(SolutionItems) = preProject
		..\..\..\..\..\..\wolfssl\wolfcrypt\error-crypt.h = ..\..\..\..\..\..\wolfssl\wolfcrypt\error-crypt.h
		..\..\..\..\..\..\wolfssl\error-ssl.h = ..\..\..\..\..\..\wolfssl\error-ssl.h
		..\..\..\..\FAQ.md = ..\..\..\..\FAQ.md
		..\..\..\..\README.md = ..\..\..\..\README.md
	EndProjectSection
EndProject
Global
	GlobalSection(SolutionConfigurationPlatforms) = preSolution
		Debug|VisualGDB = Debug|VisualGDB
		Release|VisualGDB = Release|VisualGDB
		Tests (Debug)|VisualGDB = Tests (Debug)|VisualGDB
		Tests (Release)|VisualGDB = Tests (Release)|VisualGDB
	EndGlobalSection
	GlobalSection(ProjectConfigurationPlatforms) = postSolution
		{E903E9CC-1A23-4B00-8914-7E45EC21E351}.Debug|VisualGDB.ActiveCfg = Debug|VisualGDB
		{E903E9CC-1A23-4B00-8914-7E45EC21E351}.Debug|VisualGDB.Build.0 = Debug|VisualGDB
		{E903E9CC-1A23-4B00-8914-7E45EC21E351}.Release|VisualGDB.ActiveCfg = Release|VisualGDB
		{E903E9CC-1A23-4B00-8914-7E45EC21E351}.Release|VisualGDB.Build.0 = Release|VisualGDB
		{E903E9CC-1A23-4B00-8914-7E45EC21E351}.Tests (Debug)|VisualGDB.ActiveCfg = Tests (Debug)|VisualGDB
		{E903E9CC-1A23-4B00-8914-7E45EC21E351}.Tests (Debug)|VisualGDB.Build.0 = Tests (Debug)|VisualGDB
		{E903E9CC-1A23-4B00-8914-7E45EC21E351}.Tests (Release)|VisualGDB.ActiveCfg = Tests (Release)|VisualGDB
		{E903E9CC-1A23-4B00-8914-7E45EC21E351}.Tests (Release)|VisualGDB.Build.0 = Tests (Release)|VisualGDB
	EndGlobalSection
	GlobalSection(SolutionProperties) = preSolution
		HideSolutionNode = FALSE
	EndGlobalSection
	GlobalSection(NestedProjects) = preSolution
		{459313D1-6B67-4791-83C5-CA43DA511DD4} = {C49E8862-EE68-4A0D-84DD-6BC9B908DA68}
	EndGlobalSection
	GlobalSection(ExtensibilityGlobals) = postSolution
		SolutionGuid = {AE6A8BA2-53CC-4259-86AA-019B888DEF5D}
	EndGlobalSection
EndGlobal
