
Microsoft Visual Studio Solution File, Format Version 12.00
# Visual Studio Version 16
VisualStudioVersion = 16.0.33027.164
MinimumVisualStudioVersion = 10.0.40219.1
Project("{803FD0C6-D64E-4E16-9DC3-1DAEC859A3D2}") = "VisualGDB_wolfssl_test-WIP", "VisualGDB_wolfssl_test-WIP.vgdbproj", "{EADCC9AB-72B3-4B51-A838-593E5D80DDF7}"
EndProject
Project("{2150E333-8FDC-42A3-9474-1A3956D46DE8}") = "Solution Items", "Solution Items", "{3A3AD607-CC28-4495-BFA4-580036D2DCF5}"
	ProjectSection(SolutionItems) = preProject
		..\..\..\..\..\..\include\config.h = ..\..\..\..\..\..\include\config.h
		..\..\..\..\..\..\wolfssl\wolfcrypt\port\Espressif\esp32-crypt.h = ..\..\..\..\..\..\wolfssl\wolfcrypt\port\Espressif\esp32-crypt.h
		..\..\..\..\..\..\wolfcrypt\src\port\Espressif\esp32_sha.c = ..\..\..\..\..\..\wolfcrypt\src\port\Espressif\esp32_sha.c
		..\..\..\refresh_sha_from_idf.bat = ..\..\..\refresh_sha_from_idf.bat
		..\..\..\..\..\..\wolfcrypt\src\sha.c = ..\..\..\..\..\..\wolfcrypt\src\sha.c
		..\..\..\..\..\..\wolfcrypt\src\sha256.c = ..\..\..\..\..\..\wolfcrypt\src\sha256.c
		..\..\..\..\..\..\wolfcrypt\src\sha512.c = ..\..\..\..\..\..\wolfcrypt\src\sha512.c
		..\..\..\..\..\..\wolfcrypt\test\test.c = ..\..\..\..\..\..\wolfcrypt\test\test.c
		..\..\..\..\..\..\wolfcrypt\test\test.h = ..\..\..\..\..\..\wolfcrypt\test\test.h
		..\..\..\..\..\..\include\user_settings.h = ..\..\..\..\..\..\include\user_settings.h
	EndProjectSection
EndProject
Project("{2150E333-8FDC-42A3-9474-1A3956D46DE8}") = "component", "component", "{7BFA2940-D704-4E45-A9DA-0E7E1051242B}"
	ProjectSection(SolutionItems) = preProject
		components\wolfssl\CMakeLists.txt = components\wolfssl\CMakeLists.txt
		components\wolfssl\component.mk = components\wolfssl\component.mk
	EndProjectSection
EndProject
Global
	GlobalSection(SolutionConfigurationPlatforms) = preSolution
		Debug|VisualGDB = Debug|VisualGDB
		Release|VisualGDB = Release|VisualGDB
		Tests (Debug)|VisualGDB = Tests (Debug)|VisualGDB
		Tests (Release)|VisualGDB = Tests (Release)|VisualGDB
	EndGlobalSection
	GlobalSection(ProjectConfigurationPlatforms) = postSolution
		{EADCC9AB-72B3-4B51-A838-593E5D80DDF7}.Debug|VisualGDB.ActiveCfg = Debug|VisualGDB
		{EADCC9AB-72B3-4B51-A838-593E5D80DDF7}.Debug|VisualGDB.Build.0 = Debug|VisualGDB
		{EADCC9AB-72B3-4B51-A838-593E5D80DDF7}.Release|VisualGDB.ActiveCfg = Release|VisualGDB
		{EADCC9AB-72B3-4B51-A838-593E5D80DDF7}.Release|VisualGDB.Build.0 = Release|VisualGDB
		{EADCC9AB-72B3-4B51-A838-593E5D80DDF7}.Tests (Debug)|VisualGDB.ActiveCfg = Tests (Debug)|VisualGDB
		{EADCC9AB-72B3-4B51-A838-593E5D80DDF7}.Tests (Debug)|VisualGDB.Build.0 = Tests (Debug)|VisualGDB
		{EADCC9AB-72B3-4B51-A838-593E5D80DDF7}.Tests (Release)|VisualGDB.ActiveCfg = Tests (Release)|VisualGDB
		{EADCC9AB-72B3-4B51-A838-593E5D80DDF7}.Tests (Release)|VisualGDB.Build.0 = Tests (Release)|VisualGDB
	EndGlobalSection
	GlobalSection(SolutionProperties) = preSolution
		HideSolutionNode = FALSE
	EndGlobalSection
	GlobalSection(NestedProjects) = preSolution
		{7BFA2940-D704-4E45-A9DA-0E7E1051242B} = {3A3AD607-CC28-4495-BFA4-580036D2DCF5}
	EndGlobalSection
	GlobalSection(ExtensibilityGlobals) = postSolution
		SolutionGuid = {DF2F28AC-0E6F-4E83-BEB8-C963837F29BB}
	EndGlobalSection
EndGlobal
