dependencies:
  idf:
    component_hash: null
    source:
      type: idf
    version: 5.0.0
  wolfssl/wolfssl:
    component_hash: 9edfcefb7fb8bf550b512276e647c20eb55ecbd8e041313c6a73a86666e54eb1
    source:
      service_url: https://api.components.espressif.com/
      type: service
    version: 1.0.4-dev
manifest_hash: d7a0d4daa3a66f46df6205aeb10588e789cefee084db68bda34aba3c51ee748f
target: esp32
version: 1.0.0
