
Microsoft Visual Studio Solution File, Format Version 12.00
# Visual Studio Version 17
VisualStudioVersion = 17.12.35728.132
MinimumVisualStudioVersion = 10.0.40219.1
Project("{ }") = "wolfSSL-DTLS-PSK-Client", "wolfSSL-DTLS-PSK-Client.csproj", "{ }"
EndProject
Project("{FAE04EC0-301F-11D3-BF4B-00C04F79EFBC}") = "wolfSSL_CSharp", "..\wolfSSL_CSharp\wolfSSL_CSharp.csproj", "{52609808-0418-46D3-8E17-141927A1A39A}"
EndProject
Project("{8BC9CEB8-8B4A-11D0-8D11-00A0C91BC942}") = "wolfssl", "..\wolfssl.vcxproj", "{67932048-D67E-4C86-B55F-90899B9BDA64}"
EndProject
Global
	GlobalSection(SolutionConfigurationPlatforms) = preSolution
		Debug|Any CPU = Debug|Any CPU
		Debug|Win32 = Debug|Win32
		Debug|x64 = Debug|x64
		DLL Debug|Any CPU = DLL Debug|Any CPU
		DLL Debug|Win32 = DLL Debug|Win32
		DLL Debug|x64 = DLL Debug|x64
		DLL Release|Any CPU = DLL Release|Any CPU
		DLL Release|Win32 = DLL Release|Win32
		DLL Release|x64 = DLL Release|x64
		Release|Any CPU = Release|Any CPU
		Release|Win32 = Release|Win32
		Release|x64 = Release|x64
	EndGlobalSection
	GlobalSection(ProjectConfigurationPlatforms) = postSolution
		{4F92ECF5-A1D8-4A13-AD0C-6571EB03C01C}.Debug|Any CPU.ActiveCfg = Debug|Any CPU
		{4F92ECF5-A1D8-4A13-AD0C-6571EB03C01C}.Debug|Any CPU.Build.0 = Debug|Any CPU
		{4F92ECF5-A1D8-4A13-AD0C-6571EB03C01C}.Debug|Win32.ActiveCfg = Debug|x64
		{4F92ECF5-A1D8-4A13-AD0C-6571EB03C01C}.Debug|Win32.Build.0 = Debug|x64
		{4F92ECF5-A1D8-4A13-AD0C-6571EB03C01C}.Debug|x64.ActiveCfg = Debug|x64
		{4F92ECF5-A1D8-4A13-AD0C-6571EB03C01C}.Debug|x64.Build.0 = Debug|x64
		{4F92ECF5-A1D8-4A13-AD0C-6571EB03C01C}.DLL Debug|Any CPU.ActiveCfg = Debug|x64
		{4F92ECF5-A1D8-4A13-AD0C-6571EB03C01C}.DLL Debug|Any CPU.Build.0 = Debug|x64
		{4F92ECF5-A1D8-4A13-AD0C-6571EB03C01C}.DLL Debug|Win32.ActiveCfg = Debug|x64
		{4F92ECF5-A1D8-4A13-AD0C-6571EB03C01C}.DLL Debug|Win32.Build.0 = Debug|x64
		{4F92ECF5-A1D8-4A13-AD0C-6571EB03C01C}.DLL Debug|x64.ActiveCfg = Debug|x64
		{4F92ECF5-A1D8-4A13-AD0C-6571EB03C01C}.DLL Debug|x64.Build.0 = Debug|x64
		{4F92ECF5-A1D8-4A13-AD0C-6571EB03C01C}.DLL Release|Any CPU.ActiveCfg = Release|x64
		{4F92ECF5-A1D8-4A13-AD0C-6571EB03C01C}.DLL Release|Any CPU.Build.0 = Release|x64
		{4F92ECF5-A1D8-4A13-AD0C-6571EB03C01C}.DLL Release|Win32.ActiveCfg = Release|x64
		{4F92ECF5-A1D8-4A13-AD0C-6571EB03C01C}.DLL Release|Win32.Build.0 = Release|x64
		{4F92ECF5-A1D8-4A13-AD0C-6571EB03C01C}.DLL Release|x64.ActiveCfg = Release|x64
		{4F92ECF5-A1D8-4A13-AD0C-6571EB03C01C}.DLL Release|x64.Build.0 = Release|x64
		{4F92ECF5-A1D8-4A13-AD0C-6571EB03C01C}.Release|Any CPU.ActiveCfg = Release|x64
		{4F92ECF5-A1D8-4A13-AD0C-6571EB03C01C}.Release|Any CPU.Build.0 = Release|x64
		{4F92ECF5-A1D8-4A13-AD0C-6571EB03C01C}.Release|Win32.ActiveCfg = Release|x64
		{4F92ECF5-A1D8-4A13-AD0C-6571EB03C01C}.Release|Win32.Build.0 = Release|x64
		{4F92ECF5-A1D8-4A13-AD0C-6571EB03C01C}.Release|x64.ActiveCfg = Release|x64
		{4F92ECF5-A1D8-4A13-AD0C-6571EB03C01C}.Release|x64.Build.0 = Release|x64
		{52609808-0418-46D3-8E17-141927A1A39A}.Debug|Any CPU.ActiveCfg = Debug|Any CPU
		{52609808-0418-46D3-8E17-141927A1A39A}.Debug|Any CPU.Build.0 = Debug|Any CPU
		{52609808-0418-46D3-8E17-141927A1A39A}.Debug|Win32.ActiveCfg = Debug|Any CPU
		{52609808-0418-46D3-8E17-141927A1A39A}.Debug|Win32.Build.0 = Debug|Any CPU
		{52609808-0418-46D3-8E17-141927A1A39A}.Debug|x64.ActiveCfg = Debug|x64
		{52609808-0418-46D3-8E17-141927A1A39A}.Debug|x64.Build.0 = Debug|x64
		{52609808-0418-46D3-8E17-141927A1A39A}.DLL Debug|Any CPU.ActiveCfg = Debug|Any CPU
		{52609808-0418-46D3-8E17-141927A1A39A}.DLL Debug|Any CPU.Build.0 = Debug|Any CPU
		{52609808-0418-46D3-8E17-141927A1A39A}.DLL Debug|Win32.ActiveCfg = Debug|Any CPU
		{52609808-0418-46D3-8E17-141927A1A39A}.DLL Debug|Win32.Build.0 = Debug|Any CPU
		{52609808-0418-46D3-8E17-141927A1A39A}.DLL Debug|x64.ActiveCfg = Debug|x64
		{52609808-0418-46D3-8E17-141927A1A39A}.DLL Debug|x64.Build.0 = Debug|x64
		{52609808-0418-46D3-8E17-141927A1A39A}.DLL Release|Any CPU.ActiveCfg = Release|Any CPU
		{52609808-0418-46D3-8E17-141927A1A39A}.DLL Release|Any CPU.Build.0 = Release|Any CPU
		{52609808-0418-46D3-8E17-141927A1A39A}.DLL Release|Win32.ActiveCfg = Release|Any CPU
		{52609808-0418-46D3-8E17-141927A1A39A}.DLL Release|Win32.Build.0 = Release|Any CPU
		{52609808-0418-46D3-8E17-141927A1A39A}.DLL Release|x64.ActiveCfg = Release|x64
		{52609808-0418-46D3-8E17-141927A1A39A}.DLL Release|x64.Build.0 = Release|x64
		{52609808-0418-46D3-8E17-141927A1A39A}.Release|Any CPU.ActiveCfg = Release|Any CPU
		{52609808-0418-46D3-8E17-141927A1A39A}.Release|Any CPU.Build.0 = Release|Any CPU
		{52609808-0418-46D3-8E17-141927A1A39A}.Release|Win32.ActiveCfg = Release|Any CPU
		{52609808-0418-46D3-8E17-141927A1A39A}.Release|Win32.Build.0 = Release|Any CPU
		{52609808-0418-46D3-8E17-141927A1A39A}.Release|x64.ActiveCfg = Release|x64
		{52609808-0418-46D3-8E17-141927A1A39A}.Release|x64.Build.0 = Release|x64
		{67932048-D67E-4C86-B55F-90899B9BDA64}.Debug|Any CPU.ActiveCfg = Debug|x64
		{67932048-D67E-4C86-B55F-90899B9BDA64}.Debug|Any CPU.Build.0 = Debug|x64
		{67932048-D67E-4C86-B55F-90899B9BDA64}.Debug|Win32.ActiveCfg = Debug|Win32
		{67932048-D67E-4C86-B55F-90899B9BDA64}.Debug|Win32.Build.0 = Debug|Win32
		{67932048-D67E-4C86-B55F-90899B9BDA64}.Debug|x64.ActiveCfg = Debug|x64
		{67932048-D67E-4C86-B55F-90899B9BDA64}.Debug|x64.Build.0 = Debug|x64
		{67932048-D67E-4C86-B55F-90899B9BDA64}.DLL Debug|Any CPU.ActiveCfg = DLL Debug|x64
		{67932048-D67E-4C86-B55F-90899B9BDA64}.DLL Debug|Any CPU.Build.0 = DLL Debug|x64
		{67932048-D67E-4C86-B55F-90899B9BDA64}.DLL Debug|Win32.ActiveCfg = DLL Debug|Win32
		{67932048-D67E-4C86-B55F-90899B9BDA64}.DLL Debug|Win32.Build.0 = DLL Debug|Win32
		{67932048-D67E-4C86-B55F-90899B9BDA64}.DLL Debug|x64.ActiveCfg = DLL Debug|x64
		{67932048-D67E-4C86-B55F-90899B9BDA64}.DLL Debug|x64.Build.0 = DLL Debug|x64
		{67932048-D67E-4C86-B55F-90899B9BDA64}.DLL Release|Any CPU.ActiveCfg = DLL Release|x64
		{67932048-D67E-4C86-B55F-90899B9BDA64}.DLL Release|Any CPU.Build.0 = DLL Release|x64
		{67932048-D67E-4C86-B55F-90899B9BDA64}.DLL Release|Win32.ActiveCfg = DLL Release|Win32
		{67932048-D67E-4C86-B55F-90899B9BDA64}.DLL Release|Win32.Build.0 = DLL Release|Win32
		{67932048-D67E-4C86-B55F-90899B9BDA64}.DLL Release|x64.ActiveCfg = DLL Release|x64
		{67932048-D67E-4C86-B55F-90899B9BDA64}.DLL Release|x64.Build.0 = DLL Release|x64
		{67932048-D67E-4C86-B55F-90899B9BDA64}.Release|Any CPU.ActiveCfg = Release|x64
		{67932048-D67E-4C86-B55F-90899B9BDA64}.Release|Any CPU.Build.0 = Release|x64
		{67932048-D67E-4C86-B55F-90899B9BDA64}.Release|Win32.ActiveCfg = Release|Win32
		{67932048-D67E-4C86-B55F-90899B9BDA64}.Release|Win32.Build.0 = Release|Win32
		{67932048-D67E-4C86-B55F-90899B9BDA64}.Release|x64.ActiveCfg = Release|x64
		{67932048-D67E-4C86-B55F-90899B9BDA64}.Release|x64.Build.0 = Release|x64
	EndGlobalSection
	GlobalSection(SolutionProperties) = preSolution
		HideSolutionNode = FALSE
	EndGlobalSection
EndGlobal
