
Microsoft Visual Studio Solution File, Format Version 12.00
# Visual Studio Version 17
VisualStudioVersion = 17.6.33829.357
MinimumVisualStudioVersion = 10.0.40219.1
Project("{803FD0C6-D64E-4E16-9DC3-1DAEC859A3D2}") = "wolfssl_client_IDF_v5_ESP32", "wolfssl_client_IDF_v5_ESP32.vgdbproj", "{E903E9CC-1A23-4B00-8914-7E45EC21E351}"
EndProject
Project("{2150E333-8FDC-42A3-9474-1A3956D46DE8}") = "wolfssl", "wolfssl", "{C50FA8E0-174A-4748-883D-1E25C1A9408A}"
	ProjectSection(SolutionItems) = preProject
		..\..\..\..\..\..\wolfcrypt\src\port\Espressif\esp32_aes.c = ..\..\..\..\..\..\wolfcrypt\src\port\Espressif\esp32_aes.c
		..\..\..\..\..\..\wolfcrypt\src\port\Espressif\esp32_mp.c = ..\..\..\..\..\..\wolfcrypt\src\port\Espressif\esp32_mp.c
		..\..\..\..\..\..\wolfcrypt\src\port\Espressif\esp32_sha.c = ..\..\..\..\..\..\wolfcrypt\src\port\Espressif\esp32_sha.c
		..\..\..\..\..\..\wolfcrypt\src\port\Espressif\esp32_util.c = ..\..\..\..\..\..\wolfcrypt\src\port\Espressif\esp32_util.c
	EndProjectSection
EndProject
Project("{2150E333-8FDC-42A3-9474-1A3956D46DE8}") = "include", "include", "{9E7E7E33-A6EB-415A-8E97-51514D35C8AE}"
	ProjectSection(SolutionItems) = preProject
		..\components\wolfssl\include\user_settings.h = ..\components\wolfssl\include\user_settings.h
	EndProjectSection
EndProject
Global
	GlobalSection(SolutionConfigurationPlatforms) = preSolution
		Debug|VisualGDB = Debug|VisualGDB
		Release|VisualGDB = Release|VisualGDB
		Tests (Debug)|VisualGDB = Tests (Debug)|VisualGDB
		Tests (Release)|VisualGDB = Tests (Release)|VisualGDB
	EndGlobalSection
	GlobalSection(ProjectConfigurationPlatforms) = postSolution
		{E903E9CC-1A23-4B00-8914-7E45EC21E351}.Debug|VisualGDB.ActiveCfg = Debug|VisualGDB
		{E903E9CC-1A23-4B00-8914-7E45EC21E351}.Debug|VisualGDB.Build.0 = Debug|VisualGDB
		{E903E9CC-1A23-4B00-8914-7E45EC21E351}.Release|VisualGDB.ActiveCfg = Release|VisualGDB
		{E903E9CC-1A23-4B00-8914-7E45EC21E351}.Release|VisualGDB.Build.0 = Release|VisualGDB
		{E903E9CC-1A23-4B00-8914-7E45EC21E351}.Tests (Debug)|VisualGDB.ActiveCfg = Tests (Debug)|VisualGDB
		{E903E9CC-1A23-4B00-8914-7E45EC21E351}.Tests (Debug)|VisualGDB.Build.0 = Tests (Debug)|VisualGDB
		{E903E9CC-1A23-4B00-8914-7E45EC21E351}.Tests (Release)|VisualGDB.ActiveCfg = Tests (Release)|VisualGDB
		{E903E9CC-1A23-4B00-8914-7E45EC21E351}.Tests (Release)|VisualGDB.Build.0 = Tests (Release)|VisualGDB
	EndGlobalSection
	GlobalSection(SolutionProperties) = preSolution
		HideSolutionNode = FALSE
	EndGlobalSection
	GlobalSection(NestedProjects) = preSolution
		{9E7E7E33-A6EB-415A-8E97-51514D35C8AE} = {C50FA8E0-174A-4748-883D-1E25C1A9408A}
	EndGlobalSection
	GlobalSection(ExtensibilityGlobals) = postSolution
		SolutionGuid = {57B120D8-B49C-428D-9065-04C0B55D63BF}
	EndGlobalSection
EndGlobal
